Microsoft Visual Studio Solution File, Format Version 12.00
# Visual Studio Version 17
VisualStudioVersion = 17.5.2.0
MinimumVisualStudioVersion = 10.0.40219.1
Project("{FAE04EC0-301F-11D3-BF4B-00C04F79EFBC}") = "PBL3demo", "PBL3demo.csproj", "{C381FF06-0247-D665-3E2B-FCA05D258CBF}"
EndProject
Global
	GlobalSection(SolutionConfigurationPlatforms) = preSolution
		Debug|Any CPU = Debug|Any CPU
		Release|Any CPU = Release|Any CPU
	EndGlobalSection
	GlobalSection(ProjectConfigurationPlatforms) = postSolution
		{C381FF06-0247-D665-3E2B-FCA05D258CBF}.Debug|Any CPU.ActiveCfg = Debug|Any CPU
		{C381FF06-0247-D665-3E2B-FCA05D258CBF}.Debug|Any CPU.Build.0 = Debug|Any CPU
		{C381FF06-0247-D665-3E2B-FCA05D258CBF}.Release|Any CPU.ActiveCfg = Release|Any CPU
		{C381FF06-0247-D665-3E2B-FCA05D258CBF}.Release|Any CPU.Build.0 = Release|Any CPU
	EndGlobalSection
	GlobalSection(SolutionProperties) = preSolution
		HideSolutionNode = FALSE
	EndGlobalSection
	GlobalSection(ExtensibilityGlobals) = postSolution
		SolutionGuid = {73EBF703-52A6-4D32-9139-9428EF39960D}
	EndGlobalSection
EndGlobal
